
Microsoft Visual Studio Solution File, Format Version 12.00
# Visual Studio Version 16
VisualStudioVersion = 16.0.31729.503
MinimumVisualStudioVersion = 10.0.40219.1
Project("{FAE04EC0-301F-11D3-BF4B-00C04F79EFBC}") = "Rent-a-car", "Rent-a-car.csproj", "{EAF79CCF-FEAC-45D5-96F5-983AC8283A8B}"
EndProject
Global
	GlobalSection(SolutionConfigurationPlatforms) = preSolution
		Debug|Any CPU = Debug|Any CPU
		Release|Any CPU = Release|Any CPU
	EndGlobalSection
	GlobalSection(ProjectConfigurationPlatforms) = postSolution
		{EAF79CCF-FEAC-45D5-96F5-983AC8283A8B}.Debug|Any CPU.ActiveCfg = Debug|Any CPU
		{EAF79CCF-FEAC-45D5-96F5-983AC8283A8B}.Debug|Any CPU.Build.0 = Debug|Any CPU
		{EAF79CCF-FEAC-45D5-96F5-983AC8283A8B}.Release|Any CPU.ActiveCfg = Release|Any CPU
		{EAF79CCF-FEAC-45D5-96F5-983AC8283A8B}.Release|Any CPU.Build.0 = Release|Any CPU
	EndGlobalSection
	GlobalSection(SolutionProperties) = preSolution
		HideSolutionNode = FALSE
	EndGlobalSection
	GlobalSection(ExtensibilityGlobals) = postSolution
		SolutionGuid = {E8C6A6A5-7F33-4963-91EA-B6F6BCFB70AE}
	EndGlobalSection
EndGlobal
